
Microsoft Visual Studio Solution File, Format Version 12.00
# Visual Studio 15
Project("{FAE04EC0-301F-11D3-BF4B-00C04F79EFBC}") = "Assembly-CSharp", "Assembly-CSharp.csproj", "{3E2ACA12-494A-9A3E-97D4-D767DE29EE2E}"
EndProject
Project("{FAE04EC0-301F-11D3-BF4B-00C04F79EFBC}") = "Assembly-CSharp-Editor", "Assembly-CSharp-Editor.csproj", "{A067A5ED-A6E2-DED9-1653-5F53085BC897}"
EndProject
Global
	GlobalSection(SolutionConfigurationPlatforms) = preSolution
		Debug|Any CPU = Debug|Any CPU
		Release|Any CPU = Release|Any CPU
	EndGlobalSection
	GlobalSection(ProjectConfigurationPlatforms) = postSolution
		{3E2ACA12-494A-9A3E-97D4-D767DE29EE2E}.Debug|Any CPU.ActiveCfg = Debug|Any CPU
		{3E2ACA12-494A-9A3E-97D4-D767DE29EE2E}.Debug|Any CPU.Build.0 = Debug|Any CPU
		{3E2ACA12-494A-9A3E-97D4-D767DE29EE2E}.Release|Any CPU.ActiveCfg = Release|Any CPU
		{3E2ACA12-494A-9A3E-97D4-D767DE29EE2E}.Release|Any CPU.Build.0 = Release|Any CPU
		{A067A5ED-A6E2-DED9-1653-5F53085BC897}.Debug|Any CPU.ActiveCfg = Debug|Any CPU
		{A067A5ED-A6E2-DED9-1653-5F53085BC897}.Debug|Any CPU.Build.0 = Debug|Any CPU
		{A067A5ED-A6E2-DED9-1653-5F53085BC897}.Release|Any CPU.ActiveCfg = Release|Any CPU
		{A067A5ED-A6E2-DED9-1653-5F53085BC897}.Release|Any CPU.Build.0 = Release|Any CPU
	EndGlobalSection
	GlobalSection(SolutionProperties) = preSolution
		HideSolutionNode = FALSE
	EndGlobalSection
EndGlobal
