
Microsoft Visual Studio Solution File, Format Version 12.00
# Visual Studio 2017
Project("{FAE04EC0-301F-11D3-BF4B-00C04F79EFBC}") = "Study-Fove-Unity-1", "Study-Fove-Unity-1.csproj", "{8AFB2747-D146-8B38-96E9-E530C9ED1658}"
EndProject
Project("{FAE04EC0-301F-11D3-BF4B-00C04F79EFBC}") = "Study-Fove-Unity-1", "Study-Fove-Unity-1.csproj", "{8AFB2747-D146-8B38-96E9-E530C9ED1658}"
EndProject
Project("{FAE04EC0-301F-11D3-BF4B-00C04F79EFBC}") = "Study-Fove-Unity-1.Editor", "Study-Fove-Unity-1.Editor.csproj", "{9777AF71-A9B6-9D5B-EF20-0D14B1112466}"
EndProject
Project("{FAE04EC0-301F-11D3-BF4B-00C04F79EFBC}") = "Study-Fove-Unity-1.Editor", "Study-Fove-Unity-1.Editor.csproj", "{9777AF71-A9B6-9D5B-EF20-0D14B1112466}"
EndProject
Project("{FAE04EC0-301F-11D3-BF4B-00C04F79EFBC}") = "Study-Fove-Unity-1.Editor", "Study-Fove-Unity-1.Editor.csproj", "{9777AF71-A9B6-9D5B-EF20-0D14B1112466}"
EndProject
Project("{FAE04EC0-301F-11D3-BF4B-00C04F79EFBC}") = "Study-Fove-Unity-1.Editor", "Study-Fove-Unity-1.Editor.csproj", "{9777AF71-A9B6-9D5B-EF20-0D14B1112466}"
EndProject
Global
	GlobalSection(SolutionConfigurationPlatforms) = preSolution
		Debug|Any CPU = Debug|Any CPU
		Release|Any CPU = Release|Any CPU
	EndGlobalSection
	GlobalSection(ProjectConfigurationPlatforms) = postSolution
		{8AFB2747-D146-8B38-96E9-E530C9ED1658}.Debug|Any CPU.ActiveCfg = Debug|Any CPU
		{8AFB2747-D146-8B38-96E9-E530C9ED1658}.Debug|Any CPU.Build.0 = Debug|Any CPU
		{8AFB2747-D146-8B38-96E9-E530C9ED1658}.Release|Any CPU.ActiveCfg = Release|Any CPU
		{8AFB2747-D146-8B38-96E9-E530C9ED1658}.Release|Any CPU.Build.0 = Release|Any CPU
		{8AFB2747-D146-8B38-96E9-E530C9ED1658}.Debug|Any CPU.ActiveCfg = Debug|Any CPU
		{8AFB2747-D146-8B38-96E9-E530C9ED1658}.Debug|Any CPU.Build.0 = Debug|Any CPU
		{8AFB2747-D146-8B38-96E9-E530C9ED1658}.Release|Any CPU.ActiveCfg = Release|Any CPU
		{8AFB2747-D146-8B38-96E9-E530C9ED1658}.Release|Any CPU.Build.0 = Release|Any CPU
		{9777AF71-A9B6-9D5B-EF20-0D14B1112466}.Debug|Any CPU.ActiveCfg = Debug|Any CPU
		{9777AF71-A9B6-9D5B-EF20-0D14B1112466}.Debug|Any CPU.Build.0 = Debug|Any CPU
		{9777AF71-A9B6-9D5B-EF20-0D14B1112466}.Release|Any CPU.ActiveCfg = Release|Any CPU
		{9777AF71-A9B6-9D5B-EF20-0D14B1112466}.Release|Any CPU.Build.0 = Release|Any CPU
		{9777AF71-A9B6-9D5B-EF20-0D14B1112466}.Debug|Any CPU.ActiveCfg = Debug|Any CPU
		{9777AF71-A9B6-9D5B-EF20-0D14B1112466}.Debug|Any CPU.Build.0 = Debug|Any CPU
		{9777AF71-A9B6-9D5B-EF20-0D14B1112466}.Release|Any CPU.ActiveCfg = Release|Any CPU
		{9777AF71-A9B6-9D5B-EF20-0D14B1112466}.Release|Any CPU.Build.0 = Release|Any CPU
		{9777AF71-A9B6-9D5B-EF20-0D14B1112466}.Debug|Any CPU.ActiveCfg = Debug|Any CPU
		{9777AF71-A9B6-9D5B-EF20-0D14B1112466}.Debug|Any CPU.Build.0 = Debug|Any CPU
		{9777AF71-A9B6-9D5B-EF20-0D14B1112466}.Release|Any CPU.ActiveCfg = Release|Any CPU
		{9777AF71-A9B6-9D5B-EF20-0D14B1112466}.Release|Any CPU.Build.0 = Release|Any CPU
		{9777AF71-A9B6-9D5B-EF20-0D14B1112466}.Debug|Any CPU.ActiveCfg = Debug|Any CPU
		{9777AF71-A9B6-9D5B-EF20-0D14B1112466}.Debug|Any CPU.Build.0 = Debug|Any CPU
		{9777AF71-A9B6-9D5B-EF20-0D14B1112466}.Release|Any CPU.ActiveCfg = Release|Any CPU
		{9777AF71-A9B6-9D5B-EF20-0D14B1112466}.Release|Any CPU.Build.0 = Release|Any CPU
	EndGlobalSection
	GlobalSection(SolutionProperties) = preSolution
		HideSolutionNode = FALSE
	EndGlobalSection
EndGlobal
